
Microsoft Visual Studio Solution File, Format Version 12.00
# Visual Studio Version 17
VisualStudioVersion = 17.10.35013.160
MinimumVisualStudioVersion = 10.0.40219.1
Project("{9A19103F-16F7-4668-BE54-9A1E7A4F7556}") = "Benchmark", "Benchmark\Benchmark.csproj", "{7F7B89EE-92D5-4BDB-A6C9-8B03962DAF77}"
EndProject
Project("{9A19103F-16F7-4668-BE54-9A1E7A4F7556}") = "Model", "Model\Model.csproj", "{7A5CC9D6-E417-4690-9E38-DC05F451C019}"
EndProject
Project("{9A19103F-16F7-4668-BE54-9A1E7A4F7556}") = "View", "View\View.csproj", "{374E5267-519D-44A4-A53B-C1C459BA900C}"
EndProject
Project("{9A19103F-16F7-4668-BE54-9A1E7A4F7556}") = "View.Desktop", "View.Desktop\View.Desktop.csproj", "{CC346123-36CE-4BB5-BD3C-525B3F01D12A}"
EndProject
Project("{9A19103F-16F7-4668-BE54-9A1E7A4F7556}") = "ViewModel", "ViewModel\ViewModel.csproj", "{7AA10CF9-6E5B-4C04-811A-1A732163D3B3}"
EndProject
Global
	GlobalSection(SolutionConfigurationPlatforms) = preSolution
		Debug|Any CPU = Debug|Any CPU
		Release|Any CPU = Release|Any CPU
	EndGlobalSection
	GlobalSection(ProjectConfigurationPlatforms) = postSolution
		{7F7B89EE-92D5-4BDB-A6C9-8B03962DAF77}.Debug|Any CPU.ActiveCfg = Debug|Any CPU
		{7F7B89EE-92D5-4BDB-A6C9-8B03962DAF77}.Debug|Any CPU.Build.0 = Debug|Any CPU
		{7F7B89EE-92D5-4BDB-A6C9-8B03962DAF77}.Release|Any CPU.ActiveCfg = Release|Any CPU
		{7F7B89EE-92D5-4BDB-A6C9-8B03962DAF77}.Release|Any CPU.Build.0 = Release|Any CPU
		{7A5CC9D6-E417-4690-9E38-DC05F451C019}.Debug|Any CPU.ActiveCfg = Debug|Any CPU
		{7A5CC9D6-E417-4690-9E38-DC05F451C019}.Debug|Any CPU.Build.0 = Debug|Any CPU
		{7A5CC9D6-E417-4690-9E38-DC05F451C019}.Release|Any CPU.ActiveCfg = Release|Any CPU
		{7A5CC9D6-E417-4690-9E38-DC05F451C019}.Release|Any CPU.Build.0 = Release|Any CPU
		{374E5267-519D-44A4-A53B-C1C459BA900C}.Debug|Any CPU.ActiveCfg = Debug|Any CPU
		{374E5267-519D-44A4-A53B-C1C459BA900C}.Debug|Any CPU.Build.0 = Debug|Any CPU
		{374E5267-519D-44A4-A53B-C1C459BA900C}.Release|Any CPU.ActiveCfg = Release|Any CPU
		{374E5267-519D-44A4-A53B-C1C459BA900C}.Release|Any CPU.Build.0 = Release|Any CPU
		{CC346123-36CE-4BB5-BD3C-525B3F01D12A}.Debug|Any CPU.ActiveCfg = Debug|Any CPU
		{CC346123-36CE-4BB5-BD3C-525B3F01D12A}.Debug|Any CPU.Build.0 = Debug|Any CPU
		{CC346123-36CE-4BB5-BD3C-525B3F01D12A}.Release|Any CPU.ActiveCfg = Release|Any CPU
		{CC346123-36CE-4BB5-BD3C-525B3F01D12A}.Release|Any CPU.Build.0 = Release|Any CPU
		{7AA10CF9-6E5B-4C04-811A-1A732163D3B3}.Debug|Any CPU.ActiveCfg = Debug|Any CPU
		{7AA10CF9-6E5B-4C04-811A-1A732163D3B3}.Debug|Any CPU.Build.0 = Debug|Any CPU
		{7AA10CF9-6E5B-4C04-811A-1A732163D3B3}.Release|Any CPU.ActiveCfg = Release|Any CPU
		{7AA10CF9-6E5B-4C04-811A-1A732163D3B3}.Release|Any CPU.Build.0 = Release|Any CPU
	EndGlobalSection
	GlobalSection(SolutionProperties) = preSolution
		HideSolutionNode = FALSE
	EndGlobalSection
	GlobalSection(ExtensibilityGlobals) = postSolution
		SolutionGuid = {88458D35-D44A-4BC7-9AE5-F39AA04B5CE6}
	EndGlobalSection
EndGlobal
